// !$*UTF8*$!
{
	archiveVersion = 1;
	classes = {
	};
	objectVersion = 46;
	objects = {

/* Begin PBXBuildFile section */
		1D3623260D0F684500981E51 /* LazyTableAppDelegate.m in Sources */ = {isa = PBXBuildFile; fileRef = 1D3623250D0F684500981E51 /* LazyTableAppDelegate.m */; };
		1D60589B0D05DD56006BFB54 /* main.m in Sources */ = {isa = PBXBuildFile; fileRef = 29B97316FDCFA39411CA2CEA /* main.m */; };
		1D60589F0D05DD5A006BFB54 /* Foundation.framework in Frameworks */ = {isa = PBXBuildFile; fileRef = 1D30AB110D05D00D00671497 /* Foundation.framework */; };
		1DF5F4E00D08C38300B7A737 /* UIKit.framework in Frameworks */ = {isa = PBXBuildFile; fileRef = 1DF5F4DF0D08C38300B7A737 /* UIKit.framework */; };
		2892E4100DC94CBA00A64D0F /* CoreGraphics.framework in Frameworks */ = {isa = PBXBuildFile; fileRef = 2892E40F0DC94CBA00A64D0F /* CoreGraphics.framework */; };
		28C286E10D94DF7D0034E888 /* AppTableViewController.m in Sources */ = {isa = PBXBuildFile; fileRef = 28C286E00D94DF7D0034E888 /* AppTableViewController.m */; };
		53989D6611D5526E00B3D482 /* iTunesArtwork in Resources */ = {isa = PBXBuildFile; fileRef = 53989D6511D5526E00B3D482 /* iTunesArtwork */; };
		539BBBA1109106B600DC7154 /* ParseOperation.m in Sources */ = {isa = PBXBuildFile; fileRef = 539BBBA0109106B600DC7154 /* ParseOperation.m */; };
		539E57BF11C932B40080E0B4 /* Icon-Small.png in Resources */ = {isa = PBXBuildFile; fileRef = 539E57BA11C932B40080E0B4 /* Icon-Small.png */; };
		539E57C011C932B40080E0B4 /* Icon-Small@2x.png in Resources */ = {isa = PBXBuildFile; fileRef = 539E57BB11C932B40080E0B4 /* Icon-Small@2x.png */; };
		539E57C111C932B40080E0B4 /* Icon.png in Resources */ = {isa = PBXBuildFile; fileRef = 539E57BC11C932B40080E0B4 /* Icon.png */; };
		539E57C211C932B40080E0B4 /* Icon@2x.png in Resources */ = {isa = PBXBuildFile; fileRef = 539E57BD11C932B40080E0B4 /* Icon@2x.png */; };
		539E57C711C932D50080E0B4 /* Placeholder.png in Resources */ = {isa = PBXBuildFile; fileRef = 539E57C611C932D50080E0B4 /* Placeholder.png */; };
		539E57C911C932EB0080E0B4 /* Default.png in Resources */ = {isa = PBXBuildFile; fileRef = 539E57C811C932EB0080E0B4 /* Default.png */; };
		53D642AC106AA2C200DAA9B9 /* AppRecord.m in Sources */ = {isa = PBXBuildFile; fileRef = 53D642AB106AA2C200DAA9B9 /* AppRecord.m */; };
		66EF45D11655C86A00447B4C /* TFHpple.m in Sources */ = {isa = PBXBuildFile; fileRef = 66EF45CA1655C86A00447B4C /* TFHpple.m */; };
		66EF45D21655C86A00447B4C /* TFHppleElement.m in Sources */ = {isa = PBXBuildFile; fileRef = 66EF45CC1655C86A00447B4C /* TFHppleElement.m */; };
		66EF45D31655C86A00447B4C /* TFHppleElement+KeyedSubcript.m in Sources */ = {isa = PBXBuildFile; fileRef = 66EF45CE1655C86A00447B4C /* TFHppleElement+KeyedSubcript.m */; };
		66EF45D41655C86A00447B4C /* XPathQuery.m in Sources */ = {isa = PBXBuildFile; fileRef = 66EF45D01655C86A00447B4C /* XPathQuery.m */; };
		66EF45DA1655C9F300447B4C /* libxml2.dylib in Frameworks */ = {isa = PBXBuildFile; fileRef = 66EF45D91655C9F300447B4C /* libxml2.dylib */; };
		66F71781164C9102003118B6 /* Default-568h@2x.png in Resources */ = {isa = PBXBuildFile; fileRef = 66F71780164C9102003118B6 /* Default-568h@2x.png */; };
		66F71787164C9B36003118B6 /* MainStoryboard.storyboard in Resources */ = {isa = PBXBuildFile; fileRef = 66F71786164C9B36003118B6 /* MainStoryboard.storyboard */; };
		F45AFC9C16671D9F00BF956F /* .gitignore in Resources */ = {isa = PBXBuildFile; fileRef = F45AFC6B16671D9E00BF956F /* .gitignore */; };
		F45AFCA616671D9F00BF956F /* LICENSE in Resources */ = {isa = PBXBuildFile; fileRef = F45AFC8116671D9F00BF956F /* LICENSE */; };
		F45AFCA716671D9F00BF956F /* README.md in Resources */ = {isa = PBXBuildFile; fileRef = F45AFC8216671D9F00BF956F /* README.md */; };
		F45AFCA916671D9F00BF956F /* SDImageCache.m in Sources */ = {isa = PBXBuildFile; fileRef = F45AFC8716671D9F00BF956F /* SDImageCache.m */; };
		F45AFCAA16671D9F00BF956F /* SDWebImageDecoder.m in Sources */ = {isa = PBXBuildFile; fileRef = F45AFC8B16671D9F00BF956F /* SDWebImageDecoder.m */; };
		F45AFCAB16671D9F00BF956F /* SDWebImageDownloader.m in Sources */ = {isa = PBXBuildFile; fileRef = F45AFC8D16671D9F00BF956F /* SDWebImageDownloader.m */; };
		F45AFCAC16671D9F00BF956F /* SDWebImageManager.m in Sources */ = {isa = PBXBuildFile; fileRef = F45AFC9016671D9F00BF956F /* SDWebImageManager.m */; };
		F45AFCAD16671D9F00BF956F /* SDWebImagePrefetcher.m in Sources */ = {isa = PBXBuildFile; fileRef = F45AFC9316671D9F00BF956F /* SDWebImagePrefetcher.m */; };
		F45AFCAE16671D9F00BF956F /* UIButton+WebCache.m in Sources */ = {isa = PBXBuildFile; fileRef = F45AFC9516671D9F00BF956F /* UIButton+WebCache.m */; };
		F45AFCAF16671D9F00BF956F /* UIImageView+WebCache.m in Sources */ = {isa = PBXBuildFile; fileRef = F45AFC9716671D9F00BF956F /* UIImageView+WebCache.m */; };
		F45AFCB016671D9F00BF956F /* SDWebImage.podspec in Resources */ = {isa = PBXBuildFile; fileRef = F45AFC9816671D9F00BF956F /* SDWebImage.podspec */; };
		F45AFCBF166724F200BF956F /* ImageIO.framework in Frameworks */ = {isa = PBXBuildFile; fileRef = F45AFCBE166724F200BF956F /* ImageIO.framework */; };
/* End PBXBuildFile section */

/* Begin PBXContainerItemProxy section */
		F45AFCB816671D9F00BF956F /* PBXContainerItemProxy */ = {
			isa = PBXContainerItemProxy;
			containerPortal = F45AFC9916671D9F00BF956F /* SDWebImage.xcodeproj */;
			proxyType = 2;
			remoteGlobalIDString = 53922D6F148C55820056699D;
			remoteInfo = SDWebImage;
		};
		F45AFCBA16671D9F00BF956F /* PBXContainerItemProxy */ = {
			isa = PBXContainerItemProxy;
			containerPortal = F45AFC9916671D9F00BF956F /* SDWebImage.xcodeproj */;
			proxyType = 2;
			remoteGlobalIDString = 53761325155AD0D5005750A4;
			remoteInfo = "SDWebImage ARC";
		};
		F45AFCBC16671D9F00BF956F /* PBXContainerItemProxy */ = {
			isa = PBXContainerItemProxy;
			containerPortal = F45AFC9916671D9F00BF956F /* SDWebImage.xcodeproj */;
			proxyType = 2;
			remoteGlobalIDString = 531041E0157EAFA400BBABC3;
			remoteInfo = "SDWebImage ARC+MKAnnotation";
		};
/* End PBXContainerItemProxy section */

/* Begin PBXFileReference section */
		1D30AB110D05D00D00671497 /* Foundation.framework */ = {isa = PBXFileReference; lastKnownFileType = wrapper.framework; name = Foundation.framework; path = System/Library/Frameworks/Foundation.framework; sourceTree = SDKROOT; };
		1D3623240D0F684500981E51 /* LazyTableAppDelegate.h */ = {isa = PBXFileReference; fileEncoding = 4; lastKnownFileType = sourcecode.c.h; path = LazyTableAppDelegate.h; sourceTree = "<group>"; };
		1D3623250D0F684500981E51 /* LazyTableAppDelegate.m */ = {isa = PBXFileReference; fileEncoding = 4; lastKnownFileType = sourcecode.c.objc; path = LazyTableAppDelegate.m; sourceTree = "<group>"; };
		1D6058910D05DD3D006BFB54 /* LazyTable.app */ = {isa = PBXFileReference; explicitFileType = wrapper.application; includeInIndex = 0; path = LazyTable.app; sourceTree = BUILT_PRODUCTS_DIR; };
		1DF5F4DF0D08C38300B7A737 /* UIKit.framework */ = {isa = PBXFileReference; lastKnownFileType = wrapper.framework; name = UIKit.framework; path = System/Library/Frameworks/UIKit.framework; sourceTree = SDKROOT; };
		2892E40F0DC94CBA00A64D0F /* CoreGraphics.framework */ = {isa = PBXFileReference; lastKnownFileType = wrapper.framework; name = CoreGraphics.framework; path = System/Library/Frameworks/CoreGraphics.framework; sourceTree = SDKROOT; };
		28A0AAE50D9B0CCF005BE974 /* LazyTable_Prefix.pch */ = {isa = PBXFileReference; fileEncoding = 4; lastKnownFileType = sourcecode.c.h; path = LazyTable_Prefix.pch; sourceTree = "<group>"; };
		28C286DF0D94DF7D0034E888 /* AppTableViewController.h */ = {isa = PBXFileReference; fileEncoding = 4; lastKnownFileType = sourcecode.c.h; path = AppTableViewController.h; sourceTree = "<group>"; };
		28C286E00D94DF7D0034E888 /* AppTableViewController.m */ = {isa = PBXFileReference; fileEncoding = 4; lastKnownFileType = sourcecode.c.objc; path = AppTableViewController.m; sourceTree = "<group>"; };
		29B97316FDCFA39411CA2CEA /* main.m */ = {isa = PBXFileReference; fileEncoding = 4; lastKnownFileType = sourcecode.c.objc; path = main.m; sourceTree = "<group>"; };
		53989D6511D5526E00B3D482 /* iTunesArtwork */ = {isa = PBXFileReference; lastKnownFileType = file; path = iTunesArtwork; sourceTree = "<group>"; };
		539BBB9F109106B600DC7154 /* ParseOperation.h */ = {isa = PBXFileReference; fileEncoding = 4; lastKnownFileType = sourcecode.c.h; path = ParseOperation.h; sourceTree = "<group>"; };
		539BBBA0109106B600DC7154 /* ParseOperation.m */ = {isa = PBXFileReference; fileEncoding = 4; lastKnownFileType = sourcecode.c.objc; path = ParseOperation.m; sourceTree = "<group>"; };
		539E57BA11C932B40080E0B4 /* Icon-Small.png */ = {isa = PBXFileReference; lastKnownFileType = image.png; path = "Icon-Small.png"; sourceTree = "<group>"; };
		539E57BB11C932B40080E0B4 /* Icon-Small@2x.png */ = {isa = PBXFileReference; lastKnownFileType = image.png; path = "Icon-Small@2x.png"; sourceTree = "<group>"; };
		539E57BC11C932B40080E0B4 /* Icon.png */ = {isa = PBXFileReference; lastKnownFileType = image.png; path = Icon.png; sourceTree = "<group>"; };
		539E57BD11C932B40080E0B4 /* Icon@2x.png */ = {isa = PBXFileReference; lastKnownFileType = image.png; path = "Icon@2x.png"; sourceTree = "<group>"; };
		539E57C611C932D50080E0B4 /* Placeholder.png */ = {isa = PBXFileReference; lastKnownFileType = image.png; path = Placeholder.png; sourceTree = "<group>"; };
		539E57C811C932EB0080E0B4 /* Default.png */ = {isa = PBXFileReference; lastKnownFileType = image.png; path = Default.png; sourceTree = "<group>"; };
		53D642AA106AA2C200DAA9B9 /* AppRecord.h */ = {isa = PBXFileReference; fileEncoding = 4; lastKnownFileType = sourcecode.c.h; path = AppRecord.h; sourceTree = "<group>"; };
		53D642AB106AA2C200DAA9B9 /* AppRecord.m */ = {isa = PBXFileReference; fileEncoding = 4; lastKnownFileType = sourcecode.c.objc; path = AppRecord.m; sourceTree = "<group>"; };
		66EF45C91655C86A00447B4C /* TFHpple.h */ = {isa = PBXFileReference; fileEncoding = 4; lastKnownFileType = sourcecode.c.h; path = TFHpple.h; sourceTree = "<group>"; };
		66EF45CA1655C86A00447B4C /* TFHpple.m */ = {isa = PBXFileReference; fileEncoding = 4; lastKnownFileType = sourcecode.c.objc; path = TFHpple.m; sourceTree = "<group>"; };
		66EF45CB1655C86A00447B4C /* TFHppleElement.h */ = {isa = PBXFileReference; fileEncoding = 4; lastKnownFileType = sourcecode.c.h; path = TFHppleElement.h; sourceTree = "<group>"; };
		66EF45CC1655C86A00447B4C /* TFHppleElement.m */ = {isa = PBXFileReference; fileEncoding = 4; lastKnownFileType = sourcecode.c.objc; path = TFHppleElement.m; sourceTree = "<group>"; };
		66EF45CD1655C86A00447B4C /* TFHppleElement+KeyedSubcript.h */ = {isa = PBXFileReference; fileEncoding = 4; lastKnownFileType = sourcecode.c.h; path = "TFHppleElement+KeyedSubcript.h"; sourceTree = "<group>"; };
		66EF45CE1655C86A00447B4C /* TFHppleElement+KeyedSubcript.m */ = {isa = PBXFileReference; fileEncoding = 4; lastKnownFileType = sourcecode.c.objc; path = "TFHppleElement+KeyedSubcript.m"; sourceTree = "<group>"; };
		66EF45CF1655C86A00447B4C /* XPathQuery.h */ = {isa = PBXFileReference; fileEncoding = 4; lastKnownFileType = sourcecode.c.h; path = XPathQuery.h; sourceTree = "<group>"; };
		66EF45D01655C86A00447B4C /* XPathQuery.m */ = {isa = PBXFileReference; fileEncoding = 4; lastKnownFileType = sourcecode.c.objc; path = XPathQuery.m; sourceTree = "<group>"; };
		66EF45D91655C9F300447B4C /* libxml2.dylib */ = {isa = PBXFileReference; lastKnownFileType = "compiled.mach-o.dylib"; name = libxml2.dylib; path = usr/lib/libxml2.dylib; sourceTree = SDKROOT; };
		66F71780164C9102003118B6 /* Default-568h@2x.png */ = {isa = PBXFileReference; lastKnownFileType = image.png; path = "Default-568h@2x.png"; sourceTree = "<group>"; };
		66F71786164C9B36003118B6 /* MainStoryboard.storyboard */ = {isa = PBXFileReference; fileEncoding = 4; lastKnownFileType = file.storyboard; path = MainStoryboard.storyboard; sourceTree = "<group>"; };
		8D1107310486CEB800E47090 /* Info.plist */ = {isa = PBXFileReference; fileEncoding = 4; lastKnownFileType = text.plist.xml; path = Info.plist; sourceTree = "<group>"; };
		F45AFC6B16671D9E00BF956F /* .gitignore */ = {isa = PBXFileReference; fileEncoding = 4; lastKnownFileType = text; path = .gitignore; sourceTree = "<group>"; };
		F45AFC8116671D9F00BF956F /* LICENSE */ = {isa = PBXFileReference; fileEncoding = 4; lastKnownFileType = text; path = LICENSE; sourceTree = "<group>"; };
		F45AFC8216671D9F00BF956F /* README.md */ = {isa = PBXFileReference; fileEncoding = 4; lastKnownFileType = text; path = README.md; sourceTree = "<group>"; };
		F45AFC8616671D9F00BF956F /* SDImageCache.h */ = {isa = PBXFileReference; fileEncoding = 4; lastKnownFileType = sourcecode.c.h; path = SDImageCache.h; sourceTree = "<group>"; };
		F45AFC8716671D9F00BF956F /* SDImageCache.m */ = {isa = PBXFileReference; fileEncoding = 4; lastKnownFileType = sourcecode.c.objc; path = SDImageCache.m; sourceTree = "<group>"; };
		F45AFC8816671D9F00BF956F /* SDImageCacheDelegate.h */ = {isa = PBXFileReference; fileEncoding = 4; lastKnownFileType = sourcecode.c.h; path = SDImageCacheDelegate.h; sourceTree = "<group>"; };
		F45AFC8916671D9F00BF956F /* SDWebImageCompat.h */ = {isa = PBXFileReference; fileEncoding = 4; lastKnownFileType = sourcecode.c.h; path = SDWebImageCompat.h; sourceTree = "<group>"; };
		F45AFC8A16671D9F00BF956F /* SDWebImageDecoder.h */ = {isa = PBXFileReference; fileEncoding = 4; lastKnownFileType = sourcecode.c.h; path = SDWebImageDecoder.h; sourceTree = "<group>"; };
		F45AFC8B16671D9F00BF956F /* SDWebImageDecoder.m */ = {isa = PBXFileReference; fileEncoding = 4; lastKnownFileType = sourcecode.c.objc; path = SDWebImageDecoder.m; sourceTree = "<group>"; };
		F45AFC8C16671D9F00BF956F /* SDWebImageDownloader.h */ = {isa = PBXFileReference; fileEncoding = 4; lastKnownFileType = sourcecode.c.h; path = SDWebImageDownloader.h; sourceTree = "<group>"; };
		F45AFC8D16671D9F00BF956F /* SDWebImageDownloader.m */ = {isa = PBXFileReference; fileEncoding = 4; lastKnownFileType = sourcecode.c.objc; path = SDWebImageDownloader.m; sourceTree = "<group>"; };
		F45AFC8E16671D9F00BF956F /* SDWebImageDownloaderDelegate.h */ = {isa = PBXFileReference; fileEncoding = 4; lastKnownFileType = sourcecode.c.h; path = SDWebImageDownloaderDelegate.h; sourceTree = "<group>"; };
		F45AFC8F16671D9F00BF956F /* SDWebImageManager.h */ = {isa = PBXFileReference; fileEncoding = 4; lastKnownFileType = sourcecode.c.h; path = SDWebImageManager.h; sourceTree = "<group>"; };
		F45AFC9016671D9F00BF956F /* SDWebImageManager.m */ = {isa = PBXFileReference; fileEncoding = 4; lastKnownFileType = sourcecode.c.objc; path = SDWebImageManager.m; sourceTree = "<group>"; };
		F45AFC9116671D9F00BF956F /* SDWebImageManagerDelegate.h */ = {isa = PBXFileReference; fileEncoding = 4; lastKnownFileType = sourcecode.c.h; path = SDWebImageManagerDelegate.h; sourceTree = "<group>"; };
		F45AFC9216671D9F00BF956F /* SDWebImagePrefetcher.h */ = {isa = PBXFileReference; fileEncoding = 4; lastKnownFileType = sourcecode.c.h; path = SDWebImagePrefetcher.h; sourceTree = "<group>"; };
		F45AFC9316671D9F00BF956F /* SDWebImagePrefetcher.m */ = {isa = PBXFileReference; fileEncoding = 4; lastKnownFileType = sourcecode.c.objc; path = SDWebImagePrefetcher.m; sourceTree = "<group>"; };
		F45AFC9416671D9F00BF956F /* UIButton+WebCache.h */ = {isa = PBXFileReference; fileEncoding = 4; lastKnownFileType = sourcecode.c.h; path = "UIButton+WebCache.h"; sourceTree = "<group>"; };
		F45AFC9516671D9F00BF956F /* UIButton+WebCache.m */ = {isa = PBXFileReference; fileEncoding = 4; lastKnownFileType = sourcecode.c.objc; path = "UIButton+WebCache.m"; sourceTree = "<group>"; };
		F45AFC9616671D9F00BF956F /* UIImageView+WebCache.h */ = {isa = PBXFileReference; fileEncoding = 4; lastKnownFileType = sourcecode.c.h; path = "UIImageView+WebCache.h"; sourceTree = "<group>"; };
		F45AFC9716671D9F00BF956F /* UIImageView+WebCache.m */ = {isa = PBXFileReference; fileEncoding = 4; lastKnownFileType = sourcecode.c.objc; path = "UIImageView+WebCache.m"; sourceTree = "<group>"; };
		F45AFC9816671D9F00BF956F /* SDWebImage.podspec */ = {isa = PBXFileReference; fileEncoding = 4; lastKnownFileType = text; path = SDWebImage.podspec; sourceTree = "<group>"; };
		F45AFC9916671D9F00BF956F /* SDWebImage.xcodeproj */ = {isa = PBXFileReference; lastKnownFileType = "wrapper.pb-project"; path = SDWebImage.xcodeproj; sourceTree = "<group>"; };
		F45AFCBE166724F200BF956F /* ImageIO.framework */ = {isa = PBXFileReference; lastKnownFileType = wrapper.framework; name = ImageIO.framework; path = System/Library/Frameworks/ImageIO.framework; sourceTree = SDKROOT; };
/* End PBXFileReference section */

/* Begin PBXFrameworksBuildPhase section */
		1D60588F0D05DD3D006BFB54 /* Frameworks */ = {
			isa = PBXFrameworksBuildPhase;
			buildActionMask = 2147483647;
			files = (
				F45AFCBF166724F200BF956F /* ImageIO.framework in Frameworks */,
				66EF45DA1655C9F300447B4C /* libxml2.dylib in Frameworks */,
				1D60589F0D05DD5A006BFB54 /* Foundation.framework in Frameworks */,
				1DF5F4E00D08C38300B7A737 /* UIKit.framework in Frameworks */,
				2892E4100DC94CBA00A64D0F /* CoreGraphics.framework in Frameworks */,
			);
			runOnlyForDeploymentPostprocessing = 0;
		};
/* End PBXFrameworksBuildPhase section */

/* Begin PBXGroup section */
		080E96DDFE201D6D7F000001 /* Classes */ = {
			isa = PBXGroup;
			children = (
				66EF45D61655C87800447B4C /* TFHpple */,
				1D3623240D0F684500981E51 /* LazyTableAppDelegate.h */,
				1D3623250D0F684500981E51 /* LazyTableAppDelegate.m */,
				53D642AA106AA2C200DAA9B9 /* AppRecord.h */,
				53D642AB106AA2C200DAA9B9 /* AppRecord.m */,
				539BBB9F109106B600DC7154 /* ParseOperation.h */,
				539BBBA0109106B600DC7154 /* ParseOperation.m */,
				28C286DF0D94DF7D0034E888 /* AppTableViewController.h */,
				28C286E00D94DF7D0034E888 /* AppTableViewController.m */,
			);
			path = Classes;
			sourceTree = "<group>";
		};
		19C28FACFE9D520D11CA2CBB /* Products */ = {
			isa = PBXGroup;
			children = (
				1D6058910D05DD3D006BFB54 /* LazyTable.app */,
			);
			name = Products;
			sourceTree = "<group>";
		};
		29B97314FDCFA39411CA2CEA /* CustomTemplate */ = {
			isa = PBXGroup;
			children = (
				66F71780164C9102003118B6 /* Default-568h@2x.png */,
				F45AFC6A16671D9E00BF956F /* SDWebImage-master */,
				080E96DDFE201D6D7F000001 /* Classes */,
				29B97315FDCFA39411CA2CEA /* Other Sources */,
				29B97317FDCFA39411CA2CEA /* Resources */,
				29B97323FDCFA39411CA2CEA /* Frameworks */,
				19C28FACFE9D520D11CA2CBB /* Products */,
			);
			name = CustomTemplate;
			sourceTree = "<group>";
		};
		29B97315FDCFA39411CA2CEA /* Other Sources */ = {
			isa = PBXGroup;
			children = (
				28A0AAE50D9B0CCF005BE974 /* LazyTable_Prefix.pch */,
				29B97316FDCFA39411CA2CEA /* main.m */,
			);
			name = "Other Sources";
			sourceTree = "<group>";
		};
		29B97317FDCFA39411CA2CEA /* Resources */ = {
			isa = PBXGroup;
			children = (
				539E57B911C932B40080E0B4 /* images */,
				8D1107310486CEB800E47090 /* Info.plist */,
				66F71786164C9B36003118B6 /* MainStoryboard.storyboard */,
			);
			name = Resources;
			sourceTree = "<group>";
		};
		29B97323FDCFA39411CA2CEA /* Frameworks */ = {
			isa = PBXGroup;
			children = (
				F45AFCBE166724F200BF956F /* ImageIO.framework */,
				1DF5F4DF0D08C38300B7A737 /* UIKit.framework */,
				1D30AB110D05D00D00671497 /* Foundation.framework */,
				2892E40F0DC94CBA00A64D0F /* CoreGraphics.framework */,
			);
			name = Frameworks;
			sourceTree = "<group>";
		};
		539E57B911C932B40080E0B4 /* images */ = {
			isa = PBXGroup;
			children = (
				539E57C811C932EB0080E0B4 /* Default.png */,
				539E57C611C932D50080E0B4 /* Placeholder.png */,
				539E57BA11C932B40080E0B4 /* Icon-Small.png */,
				539E57BB11C932B40080E0B4 /* Icon-Small@2x.png */,
				539E57BC11C932B40080E0B4 /* Icon.png */,
				539E57BD11C932B40080E0B4 /* Icon@2x.png */,
				53989D6511D5526E00B3D482 /* iTunesArtwork */,
			);
			path = images;
			sourceTree = "<group>";
		};
		66EF45D61655C87800447B4C /* TFHpple */ = {
			isa = PBXGroup;
			children = (
				66EF45D91655C9F300447B4C /* libxml2.dylib */,
				66EF45CF1655C86A00447B4C /* XPathQuery.h */,
				66EF45D01655C86A00447B4C /* XPathQuery.m */,
				66EF45C91655C86A00447B4C /* TFHpple.h */,
				66EF45CA1655C86A00447B4C /* TFHpple.m */,
				66EF45CB1655C86A00447B4C /* TFHppleElement.h */,
				66EF45CC1655C86A00447B4C /* TFHppleElement.m */,
				66EF45CD1655C86A00447B4C /* TFHppleElement+KeyedSubcript.h */,
				66EF45CE1655C86A00447B4C /* TFHppleElement+KeyedSubcript.m */,
			);
			name = TFHpple;
			sourceTree = "<group>";
		};
		F45AFC6A16671D9E00BF956F /* SDWebImage-master */ = {
			isa = PBXGroup;
			children = (
				F45AFC6B16671D9E00BF956F /* .gitignore */,
				F45AFC8116671D9F00BF956F /* LICENSE */,
				F45AFC8216671D9F00BF956F /* README.md */,
				F45AFC8316671D9F00BF956F /* SDWebImage */,
				F45AFC9816671D9F00BF956F /* SDWebImage.podspec */,
				F45AFC9916671D9F00BF956F /* SDWebImage.xcodeproj */,
			);
			name = "SDWebImage-master";
			path = "Classes/SDWebImage-master";
			sourceTree = "<group>";
		};
		F45AFC8316671D9F00BF956F /* SDWebImage */ = {
			isa = PBXGroup;
			children = (
				F45AFC8616671D9F00BF956F /* SDImageCache.h */,
				F45AFC8716671D9F00BF956F /* SDImageCache.m */,
				F45AFC8816671D9F00BF956F /* SDImageCacheDelegate.h */,
				F45AFC8916671D9F00BF956F /* SDWebImageCompat.h */,
				F45AFC8A16671D9F00BF956F /* SDWebImageDecoder.h */,
				F45AFC8B16671D9F00BF956F /* SDWebImageDecoder.m */,
				F45AFC8C16671D9F00BF956F /* SDWebImageDownloader.h */,
				F45AFC8D16671D9F00BF956F /* SDWebImageDownloader.m */,
				F45AFC8E16671D9F00BF956F /* SDWebImageDownloaderDelegate.h */,
				F45AFC8F16671D9F00BF956F /* SDWebImageManager.h */,
				F45AFC9016671D9F00BF956F /* SDWebImageManager.m */,
				F45AFC9116671D9F00BF956F /* SDWebImageManagerDelegate.h */,
				F45AFC9216671D9F00BF956F /* SDWebImagePrefetcher.h */,
				F45AFC9316671D9F00BF956F /* SDWebImagePrefetcher.m */,
				F45AFC9416671D9F00BF956F /* UIButton+WebCache.h */,
				F45AFC9516671D9F00BF956F /* UIButton+WebCache.m */,
				F45AFC9616671D9F00BF956F /* UIImageView+WebCache.h */,
				F45AFC9716671D9F00BF956F /* UIImageView+WebCache.m */,
			);
			path = SDWebImage;
			sourceTree = "<group>";
		};
		F45AFC9A16671D9F00BF956F /* Products */ = {
			isa = PBXGroup;
			children = (
				F45AFCB916671D9F00BF956F /* libSDWebImage.a */,
				F45AFCBB16671D9F00BF956F /* libSDWebImage.a */,
				F45AFCBD16671D9F00BF956F /* libSDWebImageARC+MKAnnotation.a */,
			);
			name = Products;
			sourceTree = "<group>";
		};
/* End PBXGroup section */

/* Begin PBXNativeTarget section */
		1D6058900D05DD3D006BFB54 /* LazyTable */ = {
			isa = PBXNativeTarget;
			buildConfigurationList = 1D6058960D05DD3E006BFB54 /* Build configuration list for PBXNativeTarget "LazyTable" */;
			buildPhases = (
				1D60588D0D05DD3D006BFB54 /* Resources */,
				1D60588E0D05DD3D006BFB54 /* Sources */,
				1D60588F0D05DD3D006BFB54 /* Frameworks */,
			);
			buildRules = (
			);
			dependencies = (
			);
			name = LazyTable;
			productName = LazyTable;
			productReference = 1D6058910D05DD3D006BFB54 /* LazyTable.app */;
			productType = "com.apple.product-type.application";
		};
/* End PBXNativeTarget section */

/* Begin PBXProject section */
		29B97313FDCFA39411CA2CEA /* Project object */ = {
			isa = PBXProject;
			attributes = {
				LastUpgradeCheck = 0450;
			};
			buildConfigurationList = C01FCF4E08A954540054247B /* Build configuration list for PBXProject "LazyTableImages" */;
			compatibilityVersion = "Xcode 3.2";
			developmentRegion = English;
			hasScannedForEncodings = 1;
			knownRegions = (
				English,
				Japanese,
				French,
				German,
				en,
			);
			mainGroup = 29B97314FDCFA39411CA2CEA /* CustomTemplate */;
			projectDirPath = "";
			projectReferences = (
				{
					ProductGroup = F45AFC9A16671D9F00BF956F /* Products */;
					ProjectRef = F45AFC9916671D9F00BF956F /* SDWebImage.xcodeproj */;
				},
			);
			projectRoot = "";
			targets = (
				1D6058900D05DD3D006BFB54 /* LazyTable */,
			);
		};
/* End PBXProject section */

/* Begin PBXReferenceProxy section */
		F45AFCB916671D9F00BF956F /* libSDWebImage.a */ = {
			isa = PBXReferenceProxy;
			fileType = archive.ar;
			path = libSDWebImage.a;
			remoteRef = F45AFCB816671D9F00BF956F /* PBXContainerItemProxy */;
			sourceTree = BUILT_PRODUCTS_DIR;
		};
		F45AFCBB16671D9F00BF956F /* libSDWebImage.a */ = {
			isa = PBXReferenceProxy;
			fileType = archive.ar;
			path = libSDWebImage.a;
			remoteRef = F45AFCBA16671D9F00BF956F /* PBXContainerItemProxy */;
			sourceTree = BUILT_PRODUCTS_DIR;
		};
		F45AFCBD16671D9F00BF956F /* libSDWebImageARC+MKAnnotation.a */ = {
			isa = PBXReferenceProxy;
			fileType = archive.ar;
			path = "libSDWebImageARC+MKAnnotation.a";
			remoteRef = F45AFCBC16671D9F00BF956F /* PBXContainerItemProxy */;
			sourceTree = BUILT_PRODUCTS_DIR;
		};
/* End PBXReferenceProxy section */

/* Begin PBXResourcesBuildPhase section */
		1D60588D0D05DD3D006BFB54 /* Resources */ = {
			isa = PBXResourcesBuildPhase;
			buildActionMask = 2147483647;
			files = (
				539E57BF11C932B40080E0B4 /* Icon-Small.png in Resources */,
				539E57C011C932B40080E0B4 /* Icon-Small@2x.png in Resources */,
				539E57C111C932B40080E0B4 /* Icon.png in Resources */,
				539E57C211C932B40080E0B4 /* Icon@2x.png in Resources */,
				539E57C711C932D50080E0B4 /* Placeholder.png in Resources */,
				539E57C911C932EB0080E0B4 /* Default.png in Resources */,
				53989D6611D5526E00B3D482 /* iTunesArtwork in Resources */,
				66F71781164C9102003118B6 /* Default-568h@2x.png in Resources */,
				66F71787164C9B36003118B6 /* MainStoryboard.storyboard in Resources */,
				F45AFC9C16671D9F00BF956F /* .gitignore in Resources */,
				F45AFCA616671D9F00BF956F /* LICENSE in Resources */,
				F45AFCA716671D9F00BF956F /* README.md in Resources */,
				F45AFCB016671D9F00BF956F /* SDWebImage.podspec in Resources */,
			);
			runOnlyForDeploymentPostprocessing = 0;
		};
/* End PBXResourcesBuildPhase section */

/* Begin PBXSourcesBuildPhase section */
		1D60588E0D05DD3D006BFB54 /* Sources */ = {
			isa = PBXSourcesBuildPhase;
			buildActionMask = 2147483647;
			files = (
				1D60589B0D05DD56006BFB54 /* main.m in Sources */,
				1D3623260D0F684500981E51 /* LazyTableAppDelegate.m in Sources */,
				28C286E10D94DF7D0034E888 /* AppTableViewController.m in Sources */,
				53D642AC106AA2C200DAA9B9 /* AppRecord.m in Sources */,
				539BBBA1109106B600DC7154 /* ParseOperation.m in Sources */,
				66EF45D11655C86A00447B4C /* TFHpple.m in Sources */,
				66EF45D21655C86A00447B4C /* TFHppleElement.m in Sources */,
				66EF45D31655C86A00447B4C /* TFHppleElement+KeyedSubcript.m in Sources */,
				66EF45D41655C86A00447B4C /* XPathQuery.m in Sources */,
				F45AFCA916671D9F00BF956F /* SDImageCache.m in Sources */,
				F45AFCAA16671D9F00BF956F /* SDWebImageDecoder.m in Sources */,
				F45AFCAB16671D9F00BF956F /* SDWebImageDownloader.m in Sources */,
				F45AFCAC16671D9F00BF956F /* SDWebImageManager.m in Sources */,
				F45AFCAD16671D9F00BF956F /* SDWebImagePrefetcher.m in Sources */,
				F45AFCAE16671D9F00BF956F /* UIButton+WebCache.m in Sources */,
				F45AFCAF16671D9F00BF956F /* UIImageView+WebCache.m in Sources */,
			);
			runOnlyForDeploymentPostprocessing = 0;
		};
/* End PBXSourcesBuildPhase section */

/* Begin XCBuildConfiguration section */
		1D6058940D05DD3E006BFB54 /* Debug */ = {
			isa = XCBuildConfiguration;
			buildSettings = {
				ALWAYS_SEARCH_USER_PATHS = NO;
				CLANG_ENABLE_OBJC_ARC = YES;
				"CODE_SIGN_IDENTITY[sdk=iphoneos*]" = "iPhone Developer";
				COPY_PHASE_STRIP = NO;
				GCC_DYNAMIC_NO_PIC = NO;
				GCC_OPTIMIZATION_LEVEL = 0;
				GCC_PRECOMPILE_PREFIX_HEADER = YES;
				GCC_PREFIX_HEADER = LazyTable_Prefix.pch;
				GCC_WARN_ABOUT_MISSING_FIELD_INITIALIZERS = YES;
				GCC_WARN_INITIALIZER_NOT_FULLY_BRACKETED = YES;
				GCC_WARN_SHADOW = YES;
				GCC_WARN_SIGN_COMPARE = YES;
				GCC_WARN_UNDECLARED_SELECTOR = YES;
				GCC_WARN_UNUSED_FUNCTION = YES;
				GCC_WARN_UNUSED_LABEL = YES;
				HEADER_SEARCH_PATHS = "$(SDKROOT)/usr/include/libxml2";
				INFOPLIST_FILE = Info.plist;
				OTHER_LDFLAGS = "-ObjC";
				PRODUCT_NAME = LazyTable;
				"PROVISIONING_PROFILE[sdk=iphoneos*]" = "";
				SDKROOT = iphoneos;
			};
			name = Debug;
		};
		1D6058950D05DD3E006BFB54 /* Release */ = {
			isa = XCBuildConfiguration;
			buildSettings = {
				ALWAYS_SEARCH_USER_PATHS = NO;
				CLANG_ENABLE_OBJC_ARC = YES;
				"CODE_SIGN_IDENTITY[sdk=iphoneos*]" = "iPhone Developer";
				COPY_PHASE_STRIP = YES;
				GCC_PRECOMPILE_PREFIX_HEADER = YES;
				GCC_PREFIX_HEADER = LazyTable_Prefix.pch;
				GCC_WARN_ABOUT_MISSING_FIELD_INITIALIZERS = YES;
				GCC_WARN_INITIALIZER_NOT_FULLY_BRACKETED = YES;
				GCC_WARN_SHADOW = YES;
				GCC_WARN_SIGN_COMPARE = YES;
				GCC_WARN_UNDECLARED_SELECTOR = YES;
				GCC_WARN_UNUSED_FUNCTION = YES;
				GCC_WARN_UNUSED_LABEL = YES;
				HEADER_SEARCH_PATHS = "$(SDKROOT)/usr/include/libxml2";
				INFOPLIST_FILE = Info.plist;
				OTHER_LDFLAGS = "-ObjC";
				PRODUCT_NAME = LazyTable;
				"PROVISIONING_PROFILE[sdk=iphoneos*]" = "";
				SDKROOT = iphoneos;
			};
			name = Release;
		};
		C01FCF4F08A954540054247B /* Debug */ = {
			isa = XCBuildConfiguration;
			buildSettings = {
				ARCHS = "$(ARCHS_STANDARD_32_BIT)";
				CODE_SIGN_IDENTITY = "iPhone Developer";
				"CODE_SIGN_IDENTITY[sdk=iphoneos*]" = "iPhone Developer";
				GCC_C_LANGUAGE_STANDARD = c99;
				GCC_WARN_ABOUT_RETURN_TYPE = YES;
				GCC_WARN_UNUSED_VARIABLE = YES;
				IPHONEOS_DEPLOYMENT_TARGET = 5.0;
				ONLY_ACTIVE_ARCH = YES;
				PROVISIONING_PROFILE = "";
				"PROVISIONING_PROFILE[sdk=iphoneos*]" = "";
				SDKROOT = iphoneos;
			};
			name = Debug;
		};
		C01FCF5008A954540054247B /* Release */ = {
			isa = XCBuildConfiguration;
			buildSettings = {
				ARCHS = "$(ARCHS_STANDARD_32_BIT)";
				CODE_SIGN_IDENTITY = "iPhone Developer";
				"CODE_SIGN_IDENTITY[sdk=iphoneos*]" = "iPhone Developer";
				GCC_C_LANGUAGE_STANDARD = c99;
				GCC_WARN_ABOUT_RETURN_TYPE = YES;
				GCC_WARN_UNUSED_VARIABLE = YES;
				IPHONEOS_DEPLOYMENT_TARGET = 5.0;
				PROVISIONING_PROFILE = "";
				"PROVISIONING_PROFILE[sdk=iphoneos*]" = "";
				SDKROOT = iphoneos;
			};
			name = Release;
		};
/* End XCBuildConfiguration section */

/* Begin XCConfigurationList section */
		1D6058960D05DD3E006BFB54 /* Build configuration list for PBXNativeTarget "LazyTable" */ = {
			isa = XCConfigurationList;
			buildConfigurations = (
				1D6058940D05DD3E006BFB54 /* Debug */,
				1D6058950D05DD3E006BFB54 /* Release */,
			);
			defaultConfigurationIsVisible = 0;
			defaultConfigurationName = Release;
		};
		C01FCF4E08A954540054247B /* Build configuration list for PBXProject "LazyTableImages" */ = {
			isa = XCConfigurationList;
			buildConfigurations = (
				C01FCF4F08A954540054247B /* Debug */,
				C01FCF5008A954540054247B /* Release */,
			);
			defaultConfigurationIsVisible = 0;
			defaultConfigurationName = Release;
		};
/* End XCConfigurationList section */
	};
	rootObject = 29B97313FDCFA39411CA2CEA /* Project object */;
}
